schema: '2.0'
stages:
  preprocess:
    cmd: python src/preprocess.py
    deps:
    - path: data/raw/train.csv
      hash: md5
      md5: 36da1e8fec8d6765e56d894096a1462e
      size: 7537649302
      isexec: true
    - path: src/preprocess.py
      hash: md5
      md5: 771dcc189a1d57d3a9b2c8232547ea17
      size: 24337
      isexec: true
    - path: src/schema.py
      hash: md5
      md5: 5f8aee8a0793bbe5de48e1377636272e
      size: 2798
      isexec: true
    outs:
    - path: data/processed/ad_click_graph.pt
      hash: md5
      md5: c9e20f46d1ce2ec499e9413186b9a680
      size: 4845960560
      isexec: true
    - path: data/processed/test.parquet
      hash: md5
      md5: 615a755278c64e75456b194dad138354
      size: 88842753
      isexec: true
    - path: data/processed/train.parquet
      hash: md5
      md5: 1e72d473d3fdae20cedcf0b07112741a
      size: 430342503
      isexec: true
    - path: data/processed/val.parquet
      hash: md5
      md5: a09eefd3281ab07c77b2f0cb535b0476
      size: 183588165
      isexec: true
    - path: data/simulated_production/production_drift_stream.csv
      hash: md5
      md5: a5d8c80a70e2ce8c143f027629f0c372
      size: 17024295
      isexec: true
  train:
    cmd: python src/train.py
    deps:
    - path: data/processed/ad_click_graph.pt
      hash: md5
      md5: c9e20f46d1ce2ec499e9413186b9a680
      size: 4845960560
      isexec: true
    - path: src/models/graph_nc.py
      hash: md5
      md5: e8121bb0a08f7fc907db19db0597ae0a
      size: 8283
      isexec: true
    - path: src/models/layers.py
      hash: md5
      md5: 54ea51e93f0e75134a75ff745b715a53
      size: 3835
      isexec: true
    - path: src/models/losses.py
      hash: md5
      md5: d488d4bcf398f8195ce78ec62644521a
      size: 4548
      isexec: true
    - path: src/train.py
      hash: md5
      md5: 38d7db82bef5d223b7e1671f60d5a31f
      size: 21722
      isexec: true
    outs:
    - path: models/graph_nc.pt
      hash: md5
      md5: c8371e6c09aeda945c1d89ac904171df
      size: 1561063
      isexec: true
    - path: models/training_metrics.json
      hash: md5
      md5: 09a272151684deedef03423ad6145f8b
      size: 274
      isexec: true
  evaluate_drift:
    cmd: python src/evaluate_drift.py
    deps:
    - path: data/processed/train.parquet
      hash: md5
      md5: 1e72d473d3fdae20cedcf0b07112741a
      size: 430342503
      isexec: true
    - path: data/simulated_production/production_drift_stream.csv
      hash: md5
      md5: a5d8c80a70e2ce8c143f027629f0c372
      size: 17024295
      isexec: true
    - path: models/graph_nc.pt
      hash: md5
      md5: c8371e6c09aeda945c1d89ac904171df
      size: 1561063
      isexec: true
    - path: src/evaluate_drift.py
      hash: md5
      md5: f990b36b82830230dec1f6677e30730b
      size: 6682
      isexec: true
    outs:
    - path: docs/reports/data_drift_report.html
      hash: md5
      md5: 0fd80b5f2f780f50986d0183802e6de8
      size: 4201596
      isexec: true
    - path: docs/reports/data_drift_summary.json
      hash: md5
      md5: f613238b9eba1640e36336d7c014459a
      size: 15483
      isexec: true
  materialize_features:
    cmd: python src/materialize_feast.py
    deps:
    - path: data/processed/train.parquet
      hash: md5
      md5: 1e72d473d3fdae20cedcf0b07112741a
      size: 430342503
      isexec: true
    - path: feature_store/feature_store.yaml
      hash: md5
      md5: 7b99f4e8214266ac68f66493cf2e0a0c
      size: 719
      isexec: true
    - path: feature_store/features.py
      hash: md5
      md5: 69e2703d43fe2b0437411f8194b3b2d4
      size: 2674
      isexec: true
    - path: src/materialize_feast.py
      hash: md5
      md5: 875bd51b67fbfbd3d6dc471fd97a3aab
      size: 1793
      isexec: true
    outs:
    - path: data/registry.db
      hash: md5
      md5: d7b7259cc5e9cdd4d30adc251256478b
      size: 4568
      isexec: true
