schema: '2.0'
stages:
  preprocess:
    cmd: python src/preprocess.py
    deps:
    - path: data/raw/train.csv
      hash: md5
      md5: 36da1e8fec8d6765e56d894096a1462e
      size: 7537649302
      isexec: true
    - path: src/preprocess.py
      hash: md5
      md5: afb9c491dc41651bcd37bd0ba3224ded
      size: 10579
      isexec: true
    - path: src/schema.py
      hash: md5
      md5: 5f8aee8a0793bbe5de48e1377636272e
      size: 2798
      isexec: true
    outs:
    - path: data/processed/ad_click_graph.pt
      hash: md5
      md5: 0ea6f97114c682f9f393dbfa419c7f23
      size: 1485170604
      isexec: true
    - path: data/processed/test.parquet
      hash: md5
      md5: 5588e524e56095bcfb36c9691d8de827
      size: 30527182
      isexec: true
    - path: data/processed/train.parquet
      hash: md5
      md5: 54e50da62b2c61cc06935b1450d17487
      size: 144412032
      isexec: true
    - path: data/processed/val.parquet
      hash: md5
      md5: b0201a98ae7cb4daed51025d67e50fd7
      size: 31199302
      isexec: true
    - path: data/simulated_production/production_drift_stream.csv
      hash: md5
      md5: b47112da2668325a8edd796c0c2ca15c
      size: 269961331
      isexec: true
  train:
    cmd: python src/train.py
    deps:
    - path: data/processed/ad_click_graph.pt
      hash: md5
      md5: 0ea6f97114c682f9f393dbfa419c7f23
      size: 1485170604
      isexec: true
    - path: src/models/graph_nc.py
      hash: md5
      md5: 08edb687b862010288cf08fc881f8915
      size: 8335
      isexec: true
    - path: src/models/layers.py
      hash: md5
      md5: cc8d4a0f2f06e22cecdec14a97c1883c
      size: 2798
      isexec: true
    - path: src/models/losses.py
      hash: md5
      md5: 232781c7910db8027ec90bf1c145d2a5
      size: 3252
      isexec: true
    - path: src/train.py
      hash: md5
      md5: 0fecdb7b1518403deb738e32211c80af
      size: 19344
      isexec: true
    outs:
    - path: models/graph_nc.pt
      hash: md5
      md5: 32318aa4ccb338f9f6e09576ee79b327
      size: 1032719
      isexec: true
    - path: models/training_metrics.json
      hash: md5
      md5: b7dcf2b6362f6d082924722de15fe473
      size: 286
      isexec: true
  evaluate_drift:
    cmd: python src/evaluate_drift.py
    deps:
    - path: data/processed/train.parquet
      hash: md5
      md5: 54e50da62b2c61cc06935b1450d17487
      size: 144412032
      isexec: true
    - path: data/simulated_production/production_drift_stream.csv
      hash: md5
      md5: b47112da2668325a8edd796c0c2ca15c
      size: 269961331
      isexec: true
    - path: models/graph_nc.pt
      hash: md5
      md5: 32318aa4ccb338f9f6e09576ee79b327
      size: 1032719
      isexec: true
    - path: src/evaluate_drift.py
      hash: md5
      md5: 58ec08b484fd77058788325044a7c227
      size: 6236
      isexec: true
    outs:
    - path: docs/reports/data_drift_report.html
      hash: md5
      md5: 5e3a2aa1b94abd7e05cd8666d1ab9e34
      size: 4203590
      isexec: true
    - path: docs/reports/data_drift_summary.json
      hash: md5
      md5: ea3d877bfadd2486085ba1ebc5886ee4
      size: 14868
      isexec: true
  materialize_features:
    cmd: python src/materialize_feast.py
    deps:
    - path: data/processed/train.parquet
      hash: md5
      md5: 54e50da62b2c61cc06935b1450d17487
      size: 144412032
      isexec: true
    - path: feature_store/feature_store.yaml
      hash: md5
      md5: 7b99f4e8214266ac68f66493cf2e0a0c
      size: 719
      isexec: true
    - path: feature_store/features.py
      hash: md5
      md5: 69e2703d43fe2b0437411f8194b3b2d4
      size: 2674
      isexec: true
    - path: src/materialize_feast.py
      hash: md5
      md5: 875bd51b67fbfbd3d6dc471fd97a3aab
      size: 1793
      isexec: true
    outs:
    - path: data/registry.db
      hash: md5
      md5: 158918ba769c87956df8c86fb9efc334
      size: 4663
      isexec: true
