schema: '2.0'
stages:
  preprocess:
    cmd: python src/preprocess.py
    deps:
    - path: data/raw/train_sample.csv
      hash: md5
      md5: 3e9a02d5aca1a825a70b01c7090ea03d
      size: 4076438
      isexec: true
    - path: src/preprocess.py
      hash: md5
      md5: 6ff06f0a0b681d17cba1e2b24f3ba361
      size: 6413
      isexec: true
    - path: src/schema.py
      hash: md5
      md5: 7b61a5ff61f51a56ee8d1a522d881970
      size: 2091
      isexec: true
    outs:
    - path: data/processed/ad_click_graph.pt
      hash: md5
      md5: 7331398f6b26aaa05f60d5c3620a2920
      size: 7631465
      isexec: true
    - path: data/processed/test.parquet
      hash: md5
      md5: 3fabfc8156f9284412ad962a8cb29173
      size: 256486
      isexec: true
    - path: data/processed/train.parquet
      hash: md5
      md5: 30211aa4c0c77a1d9021420ef00de041
      size: 1095430
      isexec: true
    - path: data/processed/val.parquet
      hash: md5
      md5: 1afce79bcbd6617dc44f708b64011caa
      size: 257744
      isexec: true
    - path: data/simulated_production/production_drift_stream.csv
      hash: md5
      md5: 80e1d04c5f8d8bebe4486d75578f2f84
      size: 1151675
      isexec: true
  train:
    cmd: python src/train.py
    deps:
    - path: data/processed/ad_click_graph.pt
      hash: md5
      md5: 7331398f6b26aaa05f60d5c3620a2920
      size: 7631465
      isexec: true
    - path: src/models/graph_nc.py
      hash: md5
      md5: ad7c480e225b9d4aa061866e1478a9bb
      size: 6826
      isexec: true
    - path: src/models/layers.py
      hash: md5
      md5: cc8d4a0f2f06e22cecdec14a97c1883c
      size: 2798
      isexec: true
    - path: src/models/losses.py
      hash: md5
      md5: 232781c7910db8027ec90bf1c145d2a5
      size: 3252
      isexec: true
    - path: src/train.py
      hash: md5
      md5: 15f0fc0480c4aa02976ad98e68eb837b
      size: 14090
      isexec: true
    outs:
    - path: models/graph_nc.pt
      hash: md5
      md5: 27b60f435e1ba016fbe1e8ce2383b3a2
      size: 88575
      isexec: true
    - path: models/training_metrics.json
      hash: md5
      md5: 0b068e6b9ed29164eb6f68ca9150fced
      size: 290
      isexec: true
  evaluate_drift:
    cmd: python src/evaluate_drift.py
    deps:
    - path: data/processed/train.parquet
      hash: md5
      md5: 30211aa4c0c77a1d9021420ef00de041
      size: 1095430
      isexec: true
    - path: data/simulated_production/production_drift_stream.csv
      hash: md5
      md5: 80e1d04c5f8d8bebe4486d75578f2f84
      size: 1151675
      isexec: true
    - path: models/graph_nc.pt
      hash: md5
      md5: 27b60f435e1ba016fbe1e8ce2383b3a2
      size: 88575
      isexec: true
    - path: src/evaluate_drift.py
      hash: md5
      md5: 902cc365ddb76b44a5c54112307167d7
      size: 5962
      isexec: true
    outs:
    - path: docs/reports/data_drift_report.html
      hash: md5
      md5: f91b2bd6a1f598b79bc038f17fd596ec
      size: 3909220
      isexec: true
    - path: docs/reports/data_drift_summary.json
      hash: md5
      md5: 46d660e5e31ab08b4140ad21ab1e1dc8
      size: 7016
      isexec: true
